
Microsoft Visual Studio Solution File, Format Version 11.00
# Visual Studio 2010
Project("{FAE04EC0-301F-11D3-BF4B-00C04F79EFBC}") = "FacturaElectronica", "FacturaElectronica\FacturaElectronica.csproj", "{4648560B-5853-4143-A9E7-6CE3EE159826}"
EndProject
Global
	GlobalSection(SolutionConfigurationPlatforms) = preSolution
		Debug|Any CPU = Debug|Any CPU
		Release|Any CPU = Release|Any CPU
	EndGlobalSection
	GlobalSection(ProjectConfigurationPlatforms) = postSolution
		{4648560B-5853-4143-A9E7-6CE3EE159826}.Debug|Any CPU.ActiveCfg = Debug|Any CPU
		{4648560B-5853-4143-A9E7-6CE3EE159826}.Debug|Any CPU.Build.0 = Debug|Any CPU
		{4648560B-5853-4143-A9E7-6CE3EE159826}.Release|Any CPU.ActiveCfg = Release|Any CPU
		{4648560B-5853-4143-A9E7-6CE3EE159826}.Release|Any CPU.Build.0 = Release|Any CPU
	EndGlobalSection
	GlobalSection(SolutionProperties) = preSolution
		HideSolutionNode = FALSE
	EndGlobalSection
EndGlobal
